<?xml version="1.0" encoding="utf-8"?>
<Project ToolsVersion="4.0" xmlns="http://schemas.microsoft.com/developer/msbuild/2003">
  <ItemGroup>
    <Filter Include="examples">
      <UniqueIdentifier>{96cccbb2-f5cc-42ad-8af7-1b9d33d75a0d}</UniqueIdentifier>
    </Filter>
    <Filter Include="struct">
      <UniqueIdentifier>{fd0259bf-280f-486a-8e0c-698b8e15f18b}</UniqueIdentifier>
    </Filter>
    <Filter Include="utility">
      <UniqueIdentifier>{6076f549-5704-4e59-b0f2-54c52a473be9}</UniqueIdentifier>
    </Filter>
    <Filter Include="tests">
      <UniqueIdentifier>{96c8e941-612f-4e9f-8a0c-e505de8768ed}</UniqueIdentifier>
    </Filter>
    <Filter Include="struct\linear">
      <UniqueIdentifier>{0068eaa8-c052-4424-9b99-dc5dd6ebc69b}</UniqueIdentifier>
    </Filter>
    <Filter Include="struct\tree">
      <UniqueIdentifier>{151760da-d1aa-4da2-971e-16d119b3294a}</UniqueIdentifier>
    </Filter>
    <Filter Include="struct\graph">
      <UniqueIdentifier>{0e8475db-73f3-4c15-861a-329b3ad73d9c}</UniqueIdentifier>
    </Filter>
  </ItemGroup>
  <ItemGroup>
    <ClCompile Include="main.cpp" />
    <ClCompile Include="examples\buf_size.cpp">
      <Filter>examples</Filter>
    </ClCompile>
    <ClCompile Include="examples\city_temperature.cpp">
      <Filter>examples</Filter>
    </ClCompile>
  </ItemGroup>
  <ItemGroup>
    <ClInclude Include="examples\city_temperature.h">
      <Filter>examples</Filter>
    </ClInclude>
    <ClInclude Include="examples\buf_size.h">
      <Filter>examples</Filter>
    </ClInclude>
    <ClInclude Include="utility\compare.h">
      <Filter>utility</Filter>
    </ClInclude>
    <ClInclude Include="struct\memory_pool.h">
      <Filter>struct</Filter>
    </ClInclude>
    <ClInclude Include="tests\test_list.h">
      <Filter>tests</Filter>
    </ClInclude>
    <ClInclude Include="tests\tester.h">
      <Filter>tests</Filter>
    </ClInclude>
    <ClInclude Include="tests.h" />
    <ClInclude Include="tests\test_double_list.h">
      <Filter>tests</Filter>
    </ClInclude>
    <ClInclude Include="struct\linear\circular_list.h">
      <Filter>struct\linear</Filter>
    </ClInclude>
    <ClInclude Include="struct\linear\double_list.h">
      <Filter>struct\linear</Filter>
    </ClInclude>
    <ClInclude Include="struct\linear\list.h">
      <Filter>struct\linear</Filter>
    </ClInclude>
    <ClInclude Include="struct\linear\stack.h">
      <Filter>struct\linear</Filter>
    </ClInclude>
    <ClInclude Include="struct\linear\queue.h">
      <Filter>struct\linear</Filter>
    </ClInclude>
    <ClInclude Include="struct\linear\deque.h">
      <Filter>struct\linear</Filter>
    </ClInclude>
  </ItemGroup>
  <ItemGroup>
    <Text Include="Readme.txt" />
  </ItemGroup>
</Project>